
Microsoft Visual Studio Solution File, Format Version 12.00
Project("{FAE04EC0-301F-11D3-BF4B-00C04F79EFBC}") = "Safi Ullah Tanveer 4873 BMS final version", "Safi Ullah Tanveer 4873 BMS final version\Safi Ullah Tanveer 4873 BMS final version.csproj", "{9EDB34D3-DEA3-47F5-99A9-46E984A87588}"
EndProject
Global
	GlobalSection(SolutionConfigurationPlatforms) = preSolution
		Debug|Any CPU = Debug|Any CPU
		Release|Any CPU = Release|Any CPU
	EndGlobalSection
	GlobalSection(ProjectConfigurationPlatforms) = postSolution
		{9EDB34D3-DEA3-47F5-99A9-46E984A87588}.Debug|Any CPU.ActiveCfg = Debug|Any CPU
		{9EDB34D3-DEA3-47F5-99A9-46E984A87588}.Debug|Any CPU.Build.0 = Debug|Any CPU
		{9EDB34D3-DEA3-47F5-99A9-46E984A87588}.Release|Any CPU.ActiveCfg = Release|Any CPU
		{9EDB34D3-DEA3-47F5-99A9-46E984A87588}.Release|Any CPU.Build.0 = Release|Any CPU
	EndGlobalSection
EndGlobal
